<?xml version="1.0" encoding="UTF-8" standalone="yes" ?>
<CodeBlocks_project_file>
	<FileVersion major="1" minor="6" />
	<Project>
		<Option title="strong_features" />
		<Option pch_mode="2" />
		<Option compiler="gcc" />
		<Build>
			<Target title="Debug">
				<Option output="bin/Debug/strong_features" prefix_auto="1" extension_auto="1" />
				<Option object_output="obj/Debug/" />
				<Option type="1" />
				<Option compiler="gcc" />
				<Compiler>
					<Add option="-g" />
					<Add directory="/home/gmanfred/devel/essential/cpp/strong_features/ASIFT" />
				</Compiler>
			</Target>
			<Target title="Release">
				<Option output="bin/Release/strong_features" prefix_auto="1" extension_auto="1" />
				<Option object_output="obj/Release/" />
				<Option type="1" />
				<Option compiler="gcc" />
				<Compiler>
					<Add option="-O2" />
				</Compiler>
				<Linker>
					<Add option="-s" />
				</Linker>
			</Target>
		</Build>
		<Compiler>
			<Add option="-Wall" />
			<Add option="-fexceptions" />
		</Compiler>
		<Linker>
			<Add library="/usr/local/lib/libopencv_core.so" />
			<Add library="/usr/local/lib/libopencv_highgui.so" />
			<Add library="/usr/local/lib/libopencv_features2d.so" />
			<Add library="/usr/local/lib/libopencv_imgproc.so" />
			<Add library="/usr/lib/libboost_system.so" />
			<Add library="/usr/lib/libboost_filesystem.so" />
			<Add library="/usr/local/lib/libopencv_nonfree.so" />
			<Add library="/usr/local/lib/libopencv_calib3d.so" />
		</Linker>
		<Unit filename="ASIFT/compute_asift_keypoints.cpp" />
		<Unit filename="ASIFT/compute_asift_keypoints.h" />
		<Unit filename="ASIFT/compute_asift_matches.cpp" />
		<Unit filename="ASIFT/compute_asift_matches.h" />
		<Unit filename="ASIFT/demo_lib_sift.cpp" />
		<Unit filename="ASIFT/demo_lib_sift.h" />
		<Unit filename="ASIFT/domain.cpp" />
		<Unit filename="ASIFT/domain.h" />
		<Unit filename="ASIFT/filter.cpp" />
		<Unit filename="ASIFT/filter.h" />
		<Unit filename="ASIFT/flimage.cpp" />
		<Unit filename="ASIFT/flimage.h" />
		<Unit filename="ASIFT/fproj.cpp" />
		<Unit filename="ASIFT/fproj.h" />
		<Unit filename="ASIFT/frot.cpp" />
		<Unit filename="ASIFT/frot.h" />
		<Unit filename="ASIFT/libMatch/match.cpp" />
		<Unit filename="ASIFT/libMatch/match.h" />
		<Unit filename="ASIFT/libNumerics/computeH.cpp" />
		<Unit filename="ASIFT/libNumerics/homography.cpp" />
		<Unit filename="ASIFT/libNumerics/homography.h" />
		<Unit filename="ASIFT/libNumerics/matrix.cpp" />
		<Unit filename="ASIFT/libNumerics/matrix.h" />
		<Unit filename="ASIFT/libNumerics/numerics.cpp" />
		<Unit filename="ASIFT/libNumerics/numerics.h" />
		<Unit filename="ASIFT/libNumerics/rodrigues.cpp" />
		<Unit filename="ASIFT/libNumerics/rodrigues.h" />
		<Unit filename="ASIFT/libNumerics/vector.cpp" />
		<Unit filename="ASIFT/library.cpp" />
		<Unit filename="ASIFT/library.h" />
		<Unit filename="ASIFT/numerics1.cpp" />
		<Unit filename="ASIFT/numerics1.h" />
		<Unit filename="ASIFT/orsa.cpp" />
		<Unit filename="ASIFT/orsa.h" />
		<Unit filename="ASIFT/splines.cpp" />
		<Unit filename="ASIFT/splines.h" />
		<Unit filename="ASIFT/third_party/Eigen/src/Cholesky/LDLT.h" />
		<Unit filename="ASIFT/third_party/Eigen/src/Cholesky/LLT.h" />
		<Unit filename="ASIFT/third_party/Eigen/src/Core/Array.h" />
		<Unit filename="ASIFT/third_party/Eigen/src/Core/ArrayBase.h" />
		<Unit filename="ASIFT/third_party/Eigen/src/Core/ArrayWrapper.h" />
		<Unit filename="ASIFT/third_party/Eigen/src/Core/Assign.h" />
		<Unit filename="ASIFT/third_party/Eigen/src/Core/BandMatrix.h" />
		<Unit filename="ASIFT/third_party/Eigen/src/Core/Block.h" />
		<Unit filename="ASIFT/third_party/Eigen/src/Core/BooleanRedux.h" />
		<Unit filename="ASIFT/third_party/Eigen/src/Core/CommaInitializer.h" />
		<Unit filename="ASIFT/third_party/Eigen/src/Core/CwiseBinaryOp.h" />
		<Unit filename="ASIFT/third_party/Eigen/src/Core/CwiseNullaryOp.h" />
		<Unit filename="ASIFT/third_party/Eigen/src/Core/CwiseUnaryOp.h" />
		<Unit filename="ASIFT/third_party/Eigen/src/Core/CwiseUnaryView.h" />
		<Unit filename="ASIFT/third_party/Eigen/src/Core/DenseBase.h" />
		<Unit filename="ASIFT/third_party/Eigen/src/Core/DenseCoeffsBase.h" />
		<Unit filename="ASIFT/third_party/Eigen/src/Core/DenseStorage.h" />
		<Unit filename="ASIFT/third_party/Eigen/src/Core/Diagonal.h" />
		<Unit filename="ASIFT/third_party/Eigen/src/Core/DiagonalMatrix.h" />
		<Unit filename="ASIFT/third_party/Eigen/src/Core/DiagonalProduct.h" />
		<Unit filename="ASIFT/third_party/Eigen/src/Core/Dot.h" />
		<Unit filename="ASIFT/third_party/Eigen/src/Core/EigenBase.h" />
		<Unit filename="ASIFT/third_party/Eigen/src/Core/Flagged.h" />
		<Unit filename="ASIFT/third_party/Eigen/src/Core/ForceAlignedAccess.h" />
		<Unit filename="ASIFT/third_party/Eigen/src/Core/Functors.h" />
		<Unit filename="ASIFT/third_party/Eigen/src/Core/Fuzzy.h" />
		<Unit filename="ASIFT/third_party/Eigen/src/Core/GenericPacketMath.h" />
		<Unit filename="ASIFT/third_party/Eigen/src/Core/GlobalFunctions.h" />
		<Unit filename="ASIFT/third_party/Eigen/src/Core/IO.h" />
		<Unit filename="ASIFT/third_party/Eigen/src/Core/Map.h" />
		<Unit filename="ASIFT/third_party/Eigen/src/Core/MapBase.h" />
		<Unit filename="ASIFT/third_party/Eigen/src/Core/MathFunctions.h" />
		<Unit filename="ASIFT/third_party/Eigen/src/Core/Matrix.h" />
		<Unit filename="ASIFT/third_party/Eigen/src/Core/MatrixBase.h" />
		<Unit filename="ASIFT/third_party/Eigen/src/Core/NestByValue.h" />
		<Unit filename="ASIFT/third_party/Eigen/src/Core/NoAlias.h" />
		<Unit filename="ASIFT/third_party/Eigen/src/Core/NumTraits.h" />
		<Unit filename="ASIFT/third_party/Eigen/src/Core/PermutationMatrix.h" />
		<Unit filename="ASIFT/third_party/Eigen/src/Core/PlainObjectBase.h" />
		<Unit filename="ASIFT/third_party/Eigen/src/Core/Product.h" />
		<Unit filename="ASIFT/third_party/Eigen/src/Core/ProductBase.h" />
		<Unit filename="ASIFT/third_party/Eigen/src/Core/Random.h" />
		<Unit filename="ASIFT/third_party/Eigen/src/Core/Redux.h" />
		<Unit filename="ASIFT/third_party/Eigen/src/Core/Replicate.h" />
		<Unit filename="ASIFT/third_party/Eigen/src/Core/ReturnByValue.h" />
		<Unit filename="ASIFT/third_party/Eigen/src/Core/Reverse.h" />
		<Unit filename="ASIFT/third_party/Eigen/src/Core/Select.h" />
		<Unit filename="ASIFT/third_party/Eigen/src/Core/SelfAdjointView.h" />
		<Unit filename="ASIFT/third_party/Eigen/src/Core/SelfCwiseBinaryOp.h" />
		<Unit filename="ASIFT/third_party/Eigen/src/Core/SolveTriangular.h" />
		<Unit filename="ASIFT/third_party/Eigen/src/Core/StableNorm.h" />
		<Unit filename="ASIFT/third_party/Eigen/src/Core/Stride.h" />
		<Unit filename="ASIFT/third_party/Eigen/src/Core/Swap.h" />
		<Unit filename="ASIFT/third_party/Eigen/src/Core/Transpose.h" />
		<Unit filename="ASIFT/third_party/Eigen/src/Core/Transpositions.h" />
		<Unit filename="ASIFT/third_party/Eigen/src/Core/TriangularMatrix.h" />
		<Unit filename="ASIFT/third_party/Eigen/src/Core/VectorBlock.h" />
		<Unit filename="ASIFT/third_party/Eigen/src/Core/VectorwiseOp.h" />
		<Unit filename="ASIFT/third_party/Eigen/src/Core/Visitor.h" />
		<Unit filename="ASIFT/third_party/Eigen/src/Core/arch/AltiVec/Complex.h" />
		<Unit filename="ASIFT/third_party/Eigen/src/Core/arch/AltiVec/PacketMath.h" />
		<Unit filename="ASIFT/third_party/Eigen/src/Core/arch/Default/Settings.h" />
		<Unit filename="ASIFT/third_party/Eigen/src/Core/arch/NEON/Complex.h" />
		<Unit filename="ASIFT/third_party/Eigen/src/Core/arch/NEON/PacketMath.h" />
		<Unit filename="ASIFT/third_party/Eigen/src/Core/arch/SSE/Complex.h" />
		<Unit filename="ASIFT/third_party/Eigen/src/Core/arch/SSE/MathFunctions.h" />
		<Unit filename="ASIFT/third_party/Eigen/src/Core/arch/SSE/PacketMath.h" />
		<Unit filename="ASIFT/third_party/Eigen/src/Core/products/CoeffBasedProduct.h" />
		<Unit filename="ASIFT/third_party/Eigen/src/Core/products/GeneralBlockPanelKernel.h" />
		<Unit filename="ASIFT/third_party/Eigen/src/Core/products/GeneralMatrixMatrix.h" />
		<Unit filename="ASIFT/third_party/Eigen/src/Core/products/GeneralMatrixMatrixTriangular.h" />
		<Unit filename="ASIFT/third_party/Eigen/src/Core/products/GeneralMatrixVector.h" />
		<Unit filename="ASIFT/third_party/Eigen/src/Core/products/Parallelizer.h" />
		<Unit filename="ASIFT/third_party/Eigen/src/Core/products/SelfadjointMatrixMatrix.h" />
		<Unit filename="ASIFT/third_party/Eigen/src/Core/products/SelfadjointMatrixVector.h" />
		<Unit filename="ASIFT/third_party/Eigen/src/Core/products/SelfadjointProduct.h" />
		<Unit filename="ASIFT/third_party/Eigen/src/Core/products/SelfadjointRank2Update.h" />
		<Unit filename="ASIFT/third_party/Eigen/src/Core/products/TriangularMatrixMatrix.h" />
		<Unit filename="ASIFT/third_party/Eigen/src/Core/products/TriangularMatrixVector.h" />
		<Unit filename="ASIFT/third_party/Eigen/src/Core/products/TriangularSolverMatrix.h" />
		<Unit filename="ASIFT/third_party/Eigen/src/Core/products/TriangularSolverVector.h" />
		<Unit filename="ASIFT/third_party/Eigen/src/Core/util/BlasUtil.h" />
		<Unit filename="ASIFT/third_party/Eigen/src/Core/util/Constants.h" />
		<Unit filename="ASIFT/third_party/Eigen/src/Core/util/DisableStupidWarnings.h" />
		<Unit filename="ASIFT/third_party/Eigen/src/Core/util/ForwardDeclarations.h" />
		<Unit filename="ASIFT/third_party/Eigen/src/Core/util/Macros.h" />
		<Unit filename="ASIFT/third_party/Eigen/src/Core/util/Memory.h" />
		<Unit filename="ASIFT/third_party/Eigen/src/Core/util/Meta.h" />
		<Unit filename="ASIFT/third_party/Eigen/src/Core/util/ReenableStupidWarnings.h" />
		<Unit filename="ASIFT/third_party/Eigen/src/Core/util/StaticAssert.h" />
		<Unit filename="ASIFT/third_party/Eigen/src/Core/util/XprHelper.h" />
		<Unit filename="ASIFT/third_party/Eigen/src/Eigen2Support/Block.h" />
		<Unit filename="ASIFT/third_party/Eigen/src/Eigen2Support/Cwise.h" />
		<Unit filename="ASIFT/third_party/Eigen/src/Eigen2Support/CwiseOperators.h" />
		<Unit filename="ASIFT/third_party/Eigen/src/Eigen2Support/Geometry/AlignedBox.h" />
		<Unit filename="ASIFT/third_party/Eigen/src/Eigen2Support/Geometry/All.h" />
		<Unit filename="ASIFT/third_party/Eigen/src/Eigen2Support/Geometry/AngleAxis.h" />
		<Unit filename="ASIFT/third_party/Eigen/src/Eigen2Support/Geometry/Hyperplane.h" />
		<Unit filename="ASIFT/third_party/Eigen/src/Eigen2Support/Geometry/ParametrizedLine.h" />
		<Unit filename="ASIFT/third_party/Eigen/src/Eigen2Support/Geometry/Quaternion.h" />
		<Unit filename="ASIFT/third_party/Eigen/src/Eigen2Support/Geometry/Rotation2D.h" />
		<Unit filename="ASIFT/third_party/Eigen/src/Eigen2Support/Geometry/RotationBase.h" />
		<Unit filename="ASIFT/third_party/Eigen/src/Eigen2Support/Geometry/Scaling.h" />
		<Unit filename="ASIFT/third_party/Eigen/src/Eigen2Support/Geometry/Transform.h" />
		<Unit filename="ASIFT/third_party/Eigen/src/Eigen2Support/Geometry/Translation.h" />
		<Unit filename="ASIFT/third_party/Eigen/src/Eigen2Support/LU.h" />
		<Unit filename="ASIFT/third_party/Eigen/src/Eigen2Support/Lazy.h" />
		<Unit filename="ASIFT/third_party/Eigen/src/Eigen2Support/LeastSquares.h" />
		<Unit filename="ASIFT/third_party/Eigen/src/Eigen2Support/Macros.h" />
		<Unit filename="ASIFT/third_party/Eigen/src/Eigen2Support/MathFunctions.h" />
		<Unit filename="ASIFT/third_party/Eigen/src/Eigen2Support/Memory.h" />
		<Unit filename="ASIFT/third_party/Eigen/src/Eigen2Support/Meta.h" />
		<Unit filename="ASIFT/third_party/Eigen/src/Eigen2Support/Minor.h" />
		<Unit filename="ASIFT/third_party/Eigen/src/Eigen2Support/QR.h" />
		<Unit filename="ASIFT/third_party/Eigen/src/Eigen2Support/SVD.h" />
		<Unit filename="ASIFT/third_party/Eigen/src/Eigen2Support/TriangularSolver.h" />
		<Unit filename="ASIFT/third_party/Eigen/src/Eigen2Support/VectorBlock.h" />
		<Unit filename="ASIFT/third_party/Eigen/src/Eigenvalues/ComplexEigenSolver.h" />
		<Unit filename="ASIFT/third_party/Eigen/src/Eigenvalues/ComplexSchur.h" />
		<Unit filename="ASIFT/third_party/Eigen/src/Eigenvalues/EigenSolver.h" />
		<Unit filename="ASIFT/third_party/Eigen/src/Eigenvalues/EigenvaluesCommon.h" />
		<Unit filename="ASIFT/third_party/Eigen/src/Eigenvalues/GeneralizedSelfAdjointEigenSolver.h" />
		<Unit filename="ASIFT/third_party/Eigen/src/Eigenvalues/HessenbergDecomposition.h" />
		<Unit filename="ASIFT/third_party/Eigen/src/Eigenvalues/MatrixBaseEigenvalues.h" />
		<Unit filename="ASIFT/third_party/Eigen/src/Eigenvalues/RealSchur.h" />
		<Unit filename="ASIFT/third_party/Eigen/src/Eigenvalues/SelfAdjointEigenSolver.h" />
		<Unit filename="ASIFT/third_party/Eigen/src/Eigenvalues/Tridiagonalization.h" />
		<Unit filename="ASIFT/third_party/Eigen/src/Geometry/AlignedBox.h" />
		<Unit filename="ASIFT/third_party/Eigen/src/Geometry/AngleAxis.h" />
		<Unit filename="ASIFT/third_party/Eigen/src/Geometry/EulerAngles.h" />
		<Unit filename="ASIFT/third_party/Eigen/src/Geometry/Homogeneous.h" />
		<Unit filename="ASIFT/third_party/Eigen/src/Geometry/Hyperplane.h" />
		<Unit filename="ASIFT/third_party/Eigen/src/Geometry/OrthoMethods.h" />
		<Unit filename="ASIFT/third_party/Eigen/src/Geometry/ParametrizedLine.h" />
		<Unit filename="ASIFT/third_party/Eigen/src/Geometry/Quaternion.h" />
		<Unit filename="ASIFT/third_party/Eigen/src/Geometry/Rotation2D.h" />
		<Unit filename="ASIFT/third_party/Eigen/src/Geometry/RotationBase.h" />
		<Unit filename="ASIFT/third_party/Eigen/src/Geometry/Scaling.h" />
		<Unit filename="ASIFT/third_party/Eigen/src/Geometry/Transform.h" />
		<Unit filename="ASIFT/third_party/Eigen/src/Geometry/Translation.h" />
		<Unit filename="ASIFT/third_party/Eigen/src/Geometry/Umeyama.h" />
		<Unit filename="ASIFT/third_party/Eigen/src/Geometry/arch/Geometry_SSE.h" />
		<Unit filename="ASIFT/third_party/Eigen/src/Householder/BlockHouseholder.h" />
		<Unit filename="ASIFT/third_party/Eigen/src/Householder/Householder.h" />
		<Unit filename="ASIFT/third_party/Eigen/src/Householder/HouseholderSequence.h" />
		<Unit filename="ASIFT/third_party/Eigen/src/Jacobi/Jacobi.h" />
		<Unit filename="ASIFT/third_party/Eigen/src/LU/Determinant.h" />
		<Unit filename="ASIFT/third_party/Eigen/src/LU/FullPivLU.h" />
		<Unit filename="ASIFT/third_party/Eigen/src/LU/Inverse.h" />
		<Unit filename="ASIFT/third_party/Eigen/src/LU/PartialPivLU.h" />
		<Unit filename="ASIFT/third_party/Eigen/src/LU/arch/Inverse_SSE.h" />
		<Unit filename="ASIFT/third_party/Eigen/src/QR/ColPivHouseholderQR.h" />
		<Unit filename="ASIFT/third_party/Eigen/src/QR/FullPivHouseholderQR.h" />
		<Unit filename="ASIFT/third_party/Eigen/src/QR/HouseholderQR.h" />
		<Unit filename="ASIFT/third_party/Eigen/src/SVD/JacobiSVD.h" />
		<Unit filename="ASIFT/third_party/Eigen/src/SVD/UpperBidiagonalization.h" />
		<Unit filename="ASIFT/third_party/Eigen/src/Sparse/AmbiVector.h" />
		<Unit filename="ASIFT/third_party/Eigen/src/Sparse/CompressedStorage.h" />
		<Unit filename="ASIFT/third_party/Eigen/src/Sparse/CoreIterators.h" />
		<Unit filename="ASIFT/third_party/Eigen/src/Sparse/DynamicSparseMatrix.h" />
		<Unit filename="ASIFT/third_party/Eigen/src/Sparse/MappedSparseMatrix.h" />
		<Unit filename="ASIFT/third_party/Eigen/src/Sparse/SparseAssign.h" />
		<Unit filename="ASIFT/third_party/Eigen/src/Sparse/SparseBlock.h" />
		<Unit filename="ASIFT/third_party/Eigen/src/Sparse/SparseCwiseBinaryOp.h" />
		<Unit filename="ASIFT/third_party/Eigen/src/Sparse/SparseCwiseUnaryOp.h" />
		<Unit filename="ASIFT/third_party/Eigen/src/Sparse/SparseDenseProduct.h" />
		<Unit filename="ASIFT/third_party/Eigen/src/Sparse/SparseDiagonalProduct.h" />
		<Unit filename="ASIFT/third_party/Eigen/src/Sparse/SparseDot.h" />
		<Unit filename="ASIFT/third_party/Eigen/src/Sparse/SparseFuzzy.h" />
		<Unit filename="ASIFT/third_party/Eigen/src/Sparse/SparseMatrix.h" />
		<Unit filename="ASIFT/third_party/Eigen/src/Sparse/SparseMatrixBase.h" />
		<Unit filename="ASIFT/third_party/Eigen/src/Sparse/SparseProduct.h" />
		<Unit filename="ASIFT/third_party/Eigen/src/Sparse/SparseRedux.h" />
		<Unit filename="ASIFT/third_party/Eigen/src/Sparse/SparseSelfAdjointView.h" />
		<Unit filename="ASIFT/third_party/Eigen/src/Sparse/SparseSparseProduct.h" />
		<Unit filename="ASIFT/third_party/Eigen/src/Sparse/SparseTranspose.h" />
		<Unit filename="ASIFT/third_party/Eigen/src/Sparse/SparseTriangularView.h" />
		<Unit filename="ASIFT/third_party/Eigen/src/Sparse/SparseUtil.h" />
		<Unit filename="ASIFT/third_party/Eigen/src/Sparse/SparseVector.h" />
		<Unit filename="ASIFT/third_party/Eigen/src/Sparse/SparseView.h" />
		<Unit filename="ASIFT/third_party/Eigen/src/Sparse/TriangularSolver.h" />
		<Unit filename="ASIFT/third_party/Eigen/src/StlSupport/StdDeque.h" />
		<Unit filename="ASIFT/third_party/Eigen/src/StlSupport/StdList.h" />
		<Unit filename="ASIFT/third_party/Eigen/src/StlSupport/StdVector.h" />
		<Unit filename="ASIFT/third_party/Eigen/src/StlSupport/details.h" />
		<Unit filename="ASIFT/third_party/Eigen/src/misc/Image.h" />
		<Unit filename="ASIFT/third_party/Eigen/src/misc/Kernel.h" />
		<Unit filename="ASIFT/third_party/Eigen/src/misc/Solve.h" />
		<Unit filename="ASIFT/third_party/Eigen/src/plugins/ArrayCwiseBinaryOps.h" />
		<Unit filename="ASIFT/third_party/Eigen/src/plugins/ArrayCwiseUnaryOps.h" />
		<Unit filename="ASIFT/third_party/Eigen/src/plugins/BlockMethods.h" />
		<Unit filename="ASIFT/third_party/Eigen/src/plugins/CommonCwiseBinaryOps.h" />
		<Unit filename="ASIFT/third_party/Eigen/src/plugins/CommonCwiseUnaryOps.h" />
		<Unit filename="ASIFT/third_party/Eigen/src/plugins/MatrixCwiseBinaryOps.h" />
		<Unit filename="ASIFT/third_party/Eigen/src/plugins/MatrixCwiseUnaryOps.h" />
		<Unit filename="Containers.h" />
		<Unit filename="Engine.cpp" />
		<Unit filename="Engine.h" />
		<Unit filename="FilesManager.cpp" />
		<Unit filename="FilesManager.h" />
		<Unit filename="Object.cpp" />
		<Unit filename="Object.h" />
		<Unit filename="Pipeline2D.cpp" />
		<Unit filename="Pipeline2D.h" />
		<Unit filename="View.cpp" />
		<Unit filename="View.h" />
		<Unit filename="alphanumComp.hpp" />
		<Unit filename="main.cpp" />
		<Extensions>
			<code_completion />
			<debugger />
		</Extensions>
	</Project>
</CodeBlocks_project_file>
